{
  "name": "group3_exove",
  "lockfileVersion": 2,
  "requires": true,
  "packages": {
    "": {
      "dependencies": {
        "@types/ldapjs": "^2.2.5"
      }
    },
    "node_modules/@types/ldapjs": {
      "version": "2.2.5",
      "resolved": "https://registry.npmjs.org/@types/ldapjs/-/ldapjs-2.2.5.tgz",
      "integrity": "sha512-Lv/nD6QDCmcT+V1vaTRnEKE8UgOilVv5pHcQuzkU1LcRe4mbHHuUo/KHi0LKrpdHhQY8FJzryF38fcVdeUIrzg==",
      "dependencies": {
        "@types/node": "*"
      }
    },
    "node_modules/@types/node": {
      "version": "18.16.1",
      "resolved": "https://registry.npmjs.org/@types/node/-/node-18.16.1.tgz",
      "integrity": "sha512-DZxSZWXxFfOlx7k7Rv4LAyiMroaxa3Ly/7OOzZO8cBNho0YzAi4qlbrx8W27JGqG57IgR/6J7r+nOJWw6kcvZA=="
    }
  },
  "dependencies": {
    "@types/ldapjs": {
      "version": "2.2.5",
      "resolved": "https://registry.npmjs.org/@types/ldapjs/-/ldapjs-2.2.5.tgz",
      "integrity": "sha512-Lv/nD6QDCmcT+V1vaTRnEKE8UgOilVv5pHcQuzkU1LcRe4mbHHuUo/KHi0LKrpdHhQY8FJzryF38fcVdeUIrzg==",
      "requires": {
        "@types/node": "*"
      }
    },
    "@types/node": {
      "version": "18.16.1",
      "resolved": "https://registry.npmjs.org/@types/node/-/node-18.16.1.tgz",
      "integrity": "sha512-DZxSZWXxFfOlx7k7Rv4LAyiMroaxa3Ly/7OOzZO8cBNho0YzAi4qlbrx8W27JGqG57IgR/6J7r+nOJWw6kcvZA=="
    }
  }
}
